<?xml version="1.0" encoding="utf-8"?>
<Project ToolsVersion="4.0" xmlns="http://schemas.microsoft.com/developer/msbuild/2003">
  <ItemGroup>
    <Filter Include="소스 파일">
      <UniqueIdentifier>{4FC737F1-C7A5-4376-A066-2A32D752A2FF}</UniqueIdentifier>
      <Extensions>cpp;c;cc;cxx;def;odl;idl;hpj;bat;asm;asmx</Extensions>
    </Filter>
    <Filter Include="헤더 파일">
      <UniqueIdentifier>{93995380-89BD-4b04-88EB-625FBE52EBFB}</UniqueIdentifier>
      <Extensions>h;hh;hpp;hxx;hm;inl;inc;ipp;xsd</Extensions>
    </Filter>
    <Filter Include="리소스 파일">
      <UniqueIdentifier>{67DA6AB6-F800-4c08-8B7A-83BB121AAD01}</UniqueIdentifier>
      <Extensions>rc;ico;cur;bmp;dlg;rc2;rct;bin;rgs;gif;jpg;jpeg;jpe;resx;tiff;tif;png;wav;mfcribbon-ms</Extensions>
    </Filter>
    <Filter Include="소스 파일\2019">
      <UniqueIdentifier>{66a6293b-b536-454a-81fb-ba0918700c16}</UniqueIdentifier>
    </Filter>
    <Filter Include="소스 파일\2020">
      <UniqueIdentifier>{be352bfe-81af-4f23-bcfa-de7657d7dd14}</UniqueIdentifier>
    </Filter>
  </ItemGroup>
  <ItemGroup>
    <ClCompile Include="hello.cpp">
      <Filter>소스 파일</Filter>
    </ClCompile>
    <ClCompile Include="200108_jmb_josephus.cpp">
      <Filter>소스 파일\2020</Filter>
    </ClCompile>
    <ClCompile Include="190924_1012(유기농배추).cpp">
      <Filter>소스 파일\2019</Filter>
    </ClCompile>
    <ClCompile Include="190925_2178(미로찾기).cpp">
      <Filter>소스 파일\2019</Filter>
    </ClCompile>
    <ClCompile Include="190930_1697(숨바꼭질).cpp">
      <Filter>소스 파일\2019</Filter>
    </ClCompile>
    <ClCompile Include="191007_11047(동전0).cpp">
      <Filter>소스 파일\2019</Filter>
    </ClCompile>
    <ClCompile Include="191014_1931(회의실).cpp">
      <Filter>소스 파일\2019</Filter>
    </ClCompile>
    <ClCompile Include="191014_2217(로프).cpp">
      <Filter>소스 파일\2019</Filter>
    </ClCompile>
    <ClCompile Include="191014_11399(ATM).cpp">
      <Filter>소스 파일\2019</Filter>
    </ClCompile>
    <ClCompile Include="191015_1541(잃어버린 괄호).cpp">
      <Filter>소스 파일\2019</Filter>
    </ClCompile>
    <ClCompile Include="191021_11725(트리).cpp">
      <Filter>소스 파일\2019</Filter>
    </ClCompile>
    <ClCompile Include="191021백준_1167 (트리의 지름)2.cpp">
      <Filter>소스 파일\2019</Filter>
    </ClCompile>
    <ClCompile Include="191022_1967(트리의 지름).cpp">
      <Filter>소스 파일\2019</Filter>
    </ClCompile>
    <ClCompile Include="191111_1655(가운데를 말해요).cpp">
      <Filter>소스 파일\2019</Filter>
    </ClCompile>
    <ClCompile Include="191111_1927(최소힙).cpp">
      <Filter>소스 파일\2019</Filter>
    </ClCompile>
    <ClCompile Include="191111_11279(최대힙).cpp">
      <Filter>소스 파일\2019</Filter>
    </ClCompile>
    <ClCompile Include="191111_19286(절대값 힙).cpp">
      <Filter>소스 파일\2019</Filter>
    </ClCompile>
    <ClCompile Include="191112_1920(이분탐색).cpp">
      <Filter>소스 파일\2019</Filter>
    </ClCompile>
    <ClCompile Include="191113_10816(숫자 카드2).cpp">
      <Filter>소스 파일\2019</Filter>
    </ClCompile>
    <ClCompile Include="191114_1654(랜선 자르기).cpp">
      <Filter>소스 파일\2019</Filter>
    </ClCompile>
    <ClCompile Include="200109_jmb_brackets2.cpp">
      <Filter>소스 파일\2020</Filter>
    </ClCompile>
  </ItemGroup>
</Project>